
Microsoft Visual Studio Solution File, Format Version 12.00
# Visual Studio 14
VisualStudioVersion = 14.0.25420.1
MinimumVisualStudioVersion = 10.0.40219.1
Project("{8BC9CEB8-8B4A-11D0-8D11-00A0C91BC942}") = "ProxyRM_Server", "ProxyRM\ProxyRM.vcxproj", "{BD058154-987F-4FEF-8AAD-2A65F9B7F4CF}"
EndProject
Project("{8BC9CEB8-8B4A-11D0-8D11-00A0C91BC942}") = "ProxyRM_Client", "ProxyRM_Client\ProxyRM_Client.vcxproj", "{CFA2B904-6173-4649-B457-13A605C580CD}"
EndProject
Global
	GlobalSection(SolutionConfigurationPlatforms) = preSolution
		Debug|x64 = Debug|x64
		Debug|x86 = Debug|x86
		Release|x64 = Release|x64
		Release|x86 = Release|x86
	EndGlobalSection
	GlobalSection(ProjectConfigurationPlatforms) = postSolution
		{BD058154-987F-4FEF-8AAD-2A65F9B7F4CF}.Debug|x64.ActiveCfg = Debug|x64
		{BD058154-987F-4FEF-8AAD-2A65F9B7F4CF}.Debug|x64.Build.0 = Debug|x64
		{BD058154-987F-4FEF-8AAD-2A65F9B7F4CF}.Debug|x86.ActiveCfg = Debug|Win32
		{BD058154-987F-4FEF-8AAD-2A65F9B7F4CF}.Debug|x86.Build.0 = Debug|Win32
		{BD058154-987F-4FEF-8AAD-2A65F9B7F4CF}.Release|x64.ActiveCfg = Release|x64
		{BD058154-987F-4FEF-8AAD-2A65F9B7F4CF}.Release|x64.Build.0 = Release|x64
		{BD058154-987F-4FEF-8AAD-2A65F9B7F4CF}.Release|x86.ActiveCfg = Release|Win32
		{BD058154-987F-4FEF-8AAD-2A65F9B7F4CF}.Release|x86.Build.0 = Release|Win32
		{CFA2B904-6173-4649-B457-13A605C580CD}.Debug|x64.ActiveCfg = Debug|x64
		{CFA2B904-6173-4649-B457-13A605C580CD}.Debug|x64.Build.0 = Debug|x64
		{CFA2B904-6173-4649-B457-13A605C580CD}.Debug|x86.ActiveCfg = Debug|Win32
		{CFA2B904-6173-4649-B457-13A605C580CD}.Debug|x86.Build.0 = Debug|Win32
		{CFA2B904-6173-4649-B457-13A605C580CD}.Release|x64.ActiveCfg = Release|x64
		{CFA2B904-6173-4649-B457-13A605C580CD}.Release|x64.Build.0 = Release|x64
		{CFA2B904-6173-4649-B457-13A605C580CD}.Release|x86.ActiveCfg = Release|Win32
		{CFA2B904-6173-4649-B457-13A605C580CD}.Release|x86.Build.0 = Release|Win32
	EndGlobalSection
	GlobalSection(SolutionProperties) = preSolution
		HideSolutionNode = FALSE
	EndGlobalSection
EndGlobal
